
Microsoft Visual Studio Solution File, Format Version 12.00
# Visual Studio Version 17
VisualStudioVersion = 17.4.33122.133
MinimumVisualStudioVersion = 10.0.40219.1
Project("{F2A71F9B-5D33-465A-A702-920D77279786}") = "GeoblockingMiddleware", "src\GeoblockingMiddleware\GeoblockingMiddleware.fsproj", "{0AC1014E-B6C5-4B5B-A1BF-68CC0889EC71}"
EndProject
Project("{F2A71F9B-5D33-465A-A702-920D77279786}") = "GeoblockingMiddleware.Tests", "src\GeoblockingMiddleware.Tests\GeoblockingMiddleware.Tests.fsproj", "{BAF74CB6-8536-4727-83D0-0DBC5ACD6097}"
EndProject
Global
	GlobalSection(SolutionConfigurationPlatforms) = preSolution
		Debug|Any CPU = Debug|Any CPU
		Release|Any CPU = Release|Any CPU
	EndGlobalSection
	GlobalSection(ProjectConfigurationPlatforms) = postSolution
		{0AC1014E-B6C5-4B5B-A1BF-68CC0889EC71}.Debug|Any CPU.ActiveCfg = Debug|Any CPU
		{0AC1014E-B6C5-4B5B-A1BF-68CC0889EC71}.Debug|Any CPU.Build.0 = Debug|Any CPU
		{0AC1014E-B6C5-4B5B-A1BF-68CC0889EC71}.Release|Any CPU.ActiveCfg = Release|Any CPU
		{0AC1014E-B6C5-4B5B-A1BF-68CC0889EC71}.Release|Any CPU.Build.0 = Release|Any CPU
		{BAF74CB6-8536-4727-83D0-0DBC5ACD6097}.Debug|Any CPU.ActiveCfg = Debug|Any CPU
		{BAF74CB6-8536-4727-83D0-0DBC5ACD6097}.Debug|Any CPU.Build.0 = Debug|Any CPU
		{BAF74CB6-8536-4727-83D0-0DBC5ACD6097}.Release|Any CPU.ActiveCfg = Release|Any CPU
		{BAF74CB6-8536-4727-83D0-0DBC5ACD6097}.Release|Any CPU.Build.0 = Release|Any CPU
	EndGlobalSection
	GlobalSection(SolutionProperties) = preSolution
		HideSolutionNode = FALSE
	EndGlobalSection
	GlobalSection(ExtensibilityGlobals) = postSolution
		SolutionGuid = {274579CD-0A3B-4588-BF7B-417C8264483E}
	EndGlobalSection
EndGlobal
